# THIS IS AN AUTOGENERATED FILE. DO NOT EDIT THIS FILE DIRECTLY.
# yarn lockfile v1


systeminformation@^5.22.10:
  version "5.22.10"
  resolved "https://registry.yarnpkg.com/systeminformation/-/systeminformation-5.22.10.tgz#9465306edd4db4bd5a3a04766703b35b279369b7"
  integrity sha512-RJ3oed80NkqgHtpB0TLkxEKEpQ3pUm2lgVolkHeoaExPidkWsj2D/hO6Rwwi9i+Odl1vm8TMiRNIKK7hBaqDsw==
